{
  "name": "my-vue-app",
  "version": "0.0.0",
  "lockfileVersion": 1,
  "requires": true,
  "dependencies": {
    "@emmetio/abbreviation": {
      "version": "0.7.0",
      "resolved": "https://registry.npmjs.org/@emmetio/abbreviation/-/abbreviation-0.7.0.tgz",
      "integrity": "sha512-CjLWtUCyh2nRgG/TkBruPTNI03i+b2Bau9UP7g0zgWdeV6bBjNC8CxX106ZdMekK3I/RmTrWuzVV9b+7nwqKXA==",
      "requires": {
        "@emmetio/node": "^0.1.2",
        "@emmetio/stream-reader": "^2.2.0",
        "@emmetio/stream-reader-utils": "^0.1.0"
      }
    },
    "@emmetio/css-abbreviation": {
      "version": "0.4.0",
      "resolved": "https://registry.npmjs.org/@emmetio/css-abbreviation/-/css-abbreviation-0.4.0.tgz",
      "integrity": "sha512-8b4+ZoBElpNMedO+gGCiEX/xGv8Do0NYUvsdVNv6O0fuP9octnxyzjb7HFGqDJ7hFzVORAfzOhpjyL8y2dw9AQ==",
      "requires": {
        "@emmetio/node": "^0.1.2",
        "@emmetio/stream-reader": "^2.2.0",
        "@emmetio/stream-reader-utils": "^0.1.0"
      }
    },
    "@emmetio/css-snippets-resolver": {
      "version": "0.4.0",
      "resolved": "https://registry.npmjs.org/@emmetio/css-snippets-resolver/-/css-snippets-resolver-0.4.0.tgz",
      "integrity": "sha512-H0eOed2KljA/nQ64j3BKwAkAFliku5LAD58o4pvS3A9tZ2g3ctEpJ+61po78SZE1+Q+gRA3CGtC6rxtk7QlGPA=="
    },
    "@emmetio/field-parser": {
      "version": "0.3.1",
      "resolved": "https://registry.npmjs.org/@emmetio/field-parser/-/field-parser-0.3.1.tgz",
      "integrity": "sha512-A26JuVvZRUBb/rNpaDdmBB2jaN3spx2JRLJQfkskz9CRbiSW9ZE/M7etKKMunV5UWUfSlygFaFUclT3y+UNDxw==",
      "requires": {
        "@emmetio/stream-reader": "^2.2.0",
        "@emmetio/stream-reader-utils": "^0.1.0"
      }
    },
    "@emmetio/html-snippets-resolver": {
      "version": "0.1.4",
      "resolved": "https://registry.npmjs.org/@emmetio/html-snippets-resolver/-/html-snippets-resolver-0.1.4.tgz",
      "integrity": "sha1-szrT+nj9eNZLlL+Iqftos62Ojn4=",
      "requires": {
        "@emmetio/abbreviation": "^0.6.0"
      },
      "dependencies": {
        "@emmetio/abbreviation": {
          "version": "0.6.6",
          "resolved": "https://registry.npmjs.org/@emmetio/abbreviation/-/abbreviation-0.6.6.tgz",
          "integrity": "sha512-jsh1Hyc7iY+5tADcn6GlIF/kxEbglPW+JE/FcCb4NNYqDr2swXvEGWd+DN3porBA67VDfDZVAwThhvYTsHKrRw==",
          "requires": {
            "@emmetio/node": "^0.1.2",
            "@emmetio/stream-reader": "^2.2.0",
            "@emmetio/stream-reader-utils": "^0.1.0"
          }
        }
      }
    },
    "@emmetio/html-transform": {
      "version": "0.3.10",
      "resolved": "https://registry.npmjs.org/@emmetio/html-transform/-/html-transform-0.3.10.tgz",
      "integrity": "sha512-GxKcFDCkHQAre4lBRr4hbyYfRhAtTqDrcnwDi2n97CX6bKhdfL9p7fZIobtNtjX+ZdCVs36x4vizpiChEYOArg==",
      "requires": {
        "@emmetio/implicit-tag": "^1.0.0"
      }
    },
    "@emmetio/implicit-tag": {
      "version": "1.0.0",
      "resolved": "https://registry.npmjs.org/@emmetio/implicit-tag/-/implicit-tag-1.0.0.tgz",
      "integrity": "sha1-+CbU4fxR2jlDTCMmtvbQ4rLntBk="
    },
    "@emmetio/lorem": {
      "version": "1.0.2",
      "resolved": "https://registry.npmjs.org/@emmetio/lorem/-/lorem-1.0.2.tgz",
      "integrity": "sha1-jealcY85Fy6n0iUypbDTu9EAg9w=",
      "requires": {
        "@emmetio/implicit-tag": "^1.0.0"
      }
    },
    "@emmetio/markup-formatters": {
      "version": "0.4.1",
      "resolved": "https://registry.npmjs.org/@emmetio/markup-formatters/-/markup-formatters-0.4.1.tgz",
      "integrity": "sha512-RR+QPozAAL7pnFL5Nl3g5qXxUF2qw54oGl0njmBTZYYwf96LDJ2p6DfRhy8uCenRjMMgUijjQ31wtmDR4cobDA==",
      "requires": {
        "@emmetio/field-parser": "^0.3.0",
        "@emmetio/output-renderer": "^0.1.2"
      }
    },
    "@emmetio/node": {
      "version": "0.1.2",
      "resolved": "https://registry.npmjs.org/@emmetio/node/-/node-0.1.2.tgz",
      "integrity": "sha1-QjHVOMRUgaUYNfwquj9dn8EpY0w="
    },
    "@emmetio/output-profile": {
      "version": "0.1.6",
      "resolved": "https://registry.npmjs.org/@emmetio/output-profile/-/output-profile-0.1.6.tgz",
      "integrity": "sha512-7bIwR3YHmTEnyy76X4l9e5+wXE+lah2E1AIoeDyKFIfVujztXNqcv+BmPcV4LRl1+V6Qir8hIex+F2nz7PTPCg=="
    },
    "@emmetio/output-renderer": {
      "version": "0.1.2",
      "resolved": "https://registry.npmjs.org/@emmetio/output-renderer/-/output-renderer-0.1.2.tgz",
      "integrity": "sha1-Ds4RrM6SmFB4aK7SGrUlPh6wgvg=",
      "requires": {
        "@emmetio/field-parser": "^0.3.0"
      }
    },
    "@emmetio/snippets": {
      "version": "0.2.12",
      "resolved": "https://registry.npmjs.org/@emmetio/snippets/-/snippets-0.2.12.tgz",
      "integrity": "sha512-xgjkyLZ4Ez8kN2qGNY59MadoIlStIohn80/FUSk+/DyNp/0SVpAe+/uQ5qJ4Mo4DDzfnkEkfCBMO/yq4SKoB0w=="
    },
    "@emmetio/snippets-registry": {
      "version": "0.3.1",
      "resolved": "https://registry.npmjs.org/@emmetio/snippets-registry/-/snippets-registry-0.3.1.tgz",
      "integrity": "sha1-7A6KEi/paDZZzmmiI5b0E2uUDSA="
    },
    "@emmetio/stream-reader": {
      "version": "2.2.0",
      "resolved": "https://registry.npmjs.org/@emmetio/stream-reader/-/stream-reader-2.2.0.tgz",
      "integrity": "sha1-Rs/+oRmgoAMxKiHC2bVijLX81EI="
    },
    "@emmetio/stream-reader-utils": {
      "version": "0.1.0",
      "resolved": "https://registry.npmjs.org/@emmetio/stream-reader-utils/-/stream-reader-utils-0.1.0.tgz",
      "integrity": "sha1-JEywLHfsLnT3ipvTGCGKvJxQCmE="
    },
    "@emmetio/stylesheet-formatters": {
      "version": "0.2.1",
      "resolved": "https://registry.npmjs.org/@emmetio/stylesheet-formatters/-/stylesheet-formatters-0.2.1.tgz",
      "integrity": "sha512-1XHNVx6S3ra7dnv12CNT6Gq15VyT2Fkrhgp2yCj4g2jJJflVHU6t++VfjoK6w36hGYu0AqZL9TCa/8hLj2YjQw==",
      "requires": {
        "@emmetio/field-parser": "^0.3.0",
        "@emmetio/output-renderer": "^0.1.1"
      }
    },
    "@emmetio/variable-resolver": {
      "version": "0.2.1",
      "resolved": "https://registry.npmjs.org/@emmetio/variable-resolver/-/variable-resolver-0.2.1.tgz",
      "integrity": "sha1-zhG1FYRmmjQJhmkM8OwmnkTGP7o="
    },
    "colorette": {
      "version": "1.4.0",
      "resolved": "https://registry.npmjs.org/colorette/-/colorette-1.4.0.tgz",
      "integrity": "sha512-Y2oEozpomLn7Q3HFP7dpww7AtMJplbM9lGZP6RDfHqmbeRjiwRg4n6VM6j4KLmRke85uWEI7JqF17f3pqdRA0g==",
      "dev": true
    },
    "emmet-monaco-es": {
      "version": "4.7.2",
      "resolved": "https://registry.npmjs.org/emmet-monaco-es/-/emmet-monaco-es-4.7.2.tgz",
      "integrity": "sha512-lpHq003hcz9H5eMbDKhGqNZQ2+kxz6RJVSNlbmlhJYDjD7RFj6scub9U9oykZyU16DDPZTc6b1W3MEQZy0wrmA==",
      "requires": {
        "@emmetio/abbreviation": "^0.7.0",
        "@emmetio/css-abbreviation": "^0.4.0",
        "@emmetio/css-snippets-resolver": "^0.4.0",
        "@emmetio/html-snippets-resolver": "^0.1.4",
        "@emmetio/html-transform": "^0.3.10",
        "@emmetio/lorem": "^1.0.2",
        "@emmetio/markup-formatters": "^0.4.1",
        "@emmetio/output-profile": "^0.1.6",
        "@emmetio/snippets": "^0.2.12",
        "@emmetio/snippets-registry": "^0.3.1",
        "@emmetio/stylesheet-formatters": "^0.2.1",
        "@emmetio/variable-resolver": "^0.2.1"
      }
    },
    "esbuild": {
      "version": "0.12.28",
      "resolved": "https://registry.npmjs.org/esbuild/-/esbuild-0.12.28.tgz",
      "integrity": "sha512-pZ0FrWZXlvQOATlp14lRSk1N9GkeJ3vLIwOcUoo3ICQn9WNR4rWoNi81pbn6sC1iYUy7QPqNzI3+AEzokwyVcA==",
      "dev": true
    },
    "fsevents": {
      "version": "2.3.2",
      "resolved": "https://registry.npmjs.org/fsevents/-/fsevents-2.3.2.tgz",
      "integrity": "sha512-xiqMQR4xAeHTuB9uWm+fFRcIOgKBMiOBP+eXiyT7jsgVCq1bkVygt00oASowB7EdtpOHaaPgKt812P9ab+DDKA==",
      "dev": true,
      "optional": true
    },
    "function-bind": {
      "version": "1.1.1",
      "resolved": "https://registry.npmjs.org/function-bind/-/function-bind-1.1.1.tgz",
      "integrity": "sha512-yIovAzMX49sF8Yl58fSCWJ5svSLuaibPxXQJFLmBObTuCr0Mf1KiPopGM9NiFjiYBCbfaa2Fh6breQ6ANVTI0A==",
      "dev": true
    },
    "has": {
      "version": "1.0.3",
      "resolved": "https://registry.npmjs.org/has/-/has-1.0.3.tgz",
      "integrity": "sha512-f2dvO0VU6Oej7RkWJGrehjbzMAjFp5/VKPp5tTpWIV4JHHZK1/BxbFRtf/siA2SWTe09caDmVtYYzWEIbBS4zw==",
      "dev": true,
      "requires": {
        "function-bind": "^1.1.1"
      }
    },
    "is-core-module": {
      "version": "2.6.0",
      "resolved": "https://registry.npmjs.org/is-core-module/-/is-core-module-2.6.0.tgz",
      "integrity": "sha512-wShG8vs60jKfPWpF2KZRaAtvt3a20OAn7+IJ6hLPECpSABLcKtFKTTI4ZtH5QcBruBHlq+WsdHWyz0BCZW7svQ==",
      "dev": true,
      "requires": {
        "has": "^1.0.3"
      }
    },
    "js-base64": {
      "version": "3.7.2",
      "resolved": "https://registry.npmjs.org/js-base64/-/js-base64-3.7.2.tgz",
      "integrity": "sha512-NnRs6dsyqUXejqk/yv2aiXlAvOs56sLkX6nUdeaNezI5LFFLlsZjOThmwnrcwh5ZZRwZlCMnVAY3CvhIhoVEKQ=="
    },
    "monaco-editor": {
      "version": "0.28.0",
      "resolved": "https://registry.npmjs.org/monaco-editor/-/monaco-editor-0.28.0.tgz",
      "integrity": "sha512-Mo0Mn2rZubXqjiy8AUs/0hGnY2y3oc4UPAP2hgVqrMX0E5Np9aCCz+BeHKzkl4D3n6xeR7mB4JuvOumD5kwC/A=="
    },
    "nanoid": {
      "version": "3.1.25",
      "resolved": "https://registry.npmjs.org/nanoid/-/nanoid-3.1.25.tgz",
      "integrity": "sha512-rdwtIXaXCLFAQbnfqDRnI6jaRHp9fTcYBjtFKE8eezcZ7LuLjhUaQGNeMXf1HmRoCH32CLz6XwX0TtxEOS/A3Q==",
      "dev": true
    },
    "path-parse": {
      "version": "1.0.7",
      "resolved": "https://registry.npmjs.org/path-parse/-/path-parse-1.0.7.tgz",
      "integrity": "sha512-LDJzPVEEEPR+y48z93A0Ed0yXb8pAByGWo/k5YYdYgpY2/2EsOsksJrq7lOHxryrVOn1ejG6oAp8ahvOIQD8sw==",
      "dev": true
    },
    "postcss": {
      "version": "8.3.6",
      "resolved": "https://registry.npmjs.org/postcss/-/postcss-8.3.6.tgz",
      "integrity": "sha512-wG1cc/JhRgdqB6WHEuyLTedf3KIRuD0hG6ldkFEZNCjRxiC+3i6kkWUUbiJQayP28iwG35cEmAbe98585BYV0A==",
      "dev": true,
      "requires": {
        "colorette": "^1.2.2",
        "nanoid": "^3.1.23",
        "source-map-js": "^0.6.2"
      }
    },
    "resolve": {
      "version": "1.20.0",
      "resolved": "https://registry.npmjs.org/resolve/-/resolve-1.20.0.tgz",
      "integrity": "sha512-wENBPt4ySzg4ybFQW2TT1zMQucPK95HSh/nq2CFTZVOGut2+pQvSsgtda4d26YrYcr067wjbmzOG8byDPBX63A==",
      "dev": true,
      "requires": {
        "is-core-module": "^2.2.0",
        "path-parse": "^1.0.6"
      }
    },
    "rollup": {
      "version": "2.56.3",
      "resolved": "https://registry.npmjs.org/rollup/-/rollup-2.56.3.tgz",
      "integrity": "sha512-Au92NuznFklgQCUcV96iXlxUbHuB1vQMaH76DHl5M11TotjOHwqk9CwcrT78+Tnv4FN9uTBxq6p4EJoYkpyekg==",
      "dev": true,
      "requires": {
        "fsevents": "~2.3.2"
      }
    },
    "source-map-js": {
      "version": "0.6.2",
      "resolved": "https://registry.npmjs.org/source-map-js/-/source-map-js-0.6.2.tgz",
      "integrity": "sha512-/3GptzWzu0+0MBQFrDKzw/DvvMTUORvgY6k6jd/VS6iCR4RDTKWH6v6WPwQoUO8667uQEf9Oe38DxAYWY5F/Ug==",
      "dev": true
    },
    "split-grid": {
      "version": "1.0.11",
      "resolved": "https://registry.npmjs.org/split-grid/-/split-grid-1.0.11.tgz",
      "integrity": "sha512-ELtFtxc3r5we5GZfe6Fi0BFFxIi2M6BY1YEntBscKRDD3zx4JVHqx2VnTRSQu1BixCYSTH3MTjKd4esI2R7EgQ=="
    },
    "vite": {
      "version": "2.5.10",
      "resolved": "https://registry.npmjs.org/vite/-/vite-2.5.10.tgz",
      "integrity": "sha512-0ObiHTi5AHyXdJcvZ67HMsDgVpjT5RehvVKv6+Q0jFZ7zDI28PF5zK9mYz2avxdA+4iJMdwCz6wnGNnn4WX5Gg==",
      "dev": true,
      "requires": {
        "esbuild": "^0.12.17",
        "fsevents": "~2.3.2",
        "postcss": "^8.3.6",
        "resolve": "^1.20.0",
        "rollup": "^2.38.5"
      }
    }
  }
}
